// !$*UTF8*$!
{
	archiveVersion = 1;
	classes = {
	};
	objectVersion = 55;
	objects = {

/* Begin PBXBuildFile section */
		0C9C33E99F125AF3A45E50A5 /* Pods_ios_webview_ios_webviewUITests.framework in Frameworks */ = {isa = PBXBuildFile; fileRef = 549C7509996BABBB80CA87C8 /* Pods_ios_webview_ios_webviewUITests.framework */; };
		3231866C28A72D6A00229B31 /* AlertViewModel.swift in Sources */ = {isa = PBXBuildFile; fileRef = 3231866B28A72D6A00229B31 /* AlertViewModel.swift */; };
		3260362628A549CF00569837 /* WebviewApp.swift in Sources */ = {isa = PBXBuildFile; fileRef = 3260362528A549CF00569837 /* WebviewApp.swift */; };
		3260362828A549CF00569837 /* ContentView.swift in Sources */ = {isa = PBXBuildFile; fileRef = 3260362728A549CF00569837 /* ContentView.swift */; };
		3260362A28A549D000569837 /* Assets.xcassets in Resources */ = {isa = PBXBuildFile; fileRef = 3260362928A549D000569837 /* Assets.xcassets */; };
		3260362D28A549D000569837 /* Preview Assets.xcassets in Resources */ = {isa = PBXBuildFile; fileRef = 3260362C28A549D000569837 /* Preview Assets.xcassets */; };
		3260363728A549D000569837 /* ios_webviewTests.swift in Sources */ = {isa = PBXBuildFile; fileRef = 3260363628A549D000569837 /* ios_webviewTests.swift */; };
		3260364128A549D000569837 /* ios_webviewUITests.swift in Sources */ = {isa = PBXBuildFile; fileRef = 3260364028A549D000569837 /* ios_webviewUITests.swift */; };
		3260364328A549D000569837 /* ios_webviewUITestsLaunchTests.swift in Sources */ = {isa = PBXBuildFile; fileRef = 3260364228A549D000569837 /* ios_webviewUITestsLaunchTests.swift */; };
		3260365028A54C0C00569837 /* AppDelegate.swift in Sources */ = {isa = PBXBuildFile; fileRef = 3260364F28A54C0C00569837 /* AppDelegate.swift */; };
		3260365228A54D9D00569837 /* WebView.swift in Sources */ = {isa = PBXBuildFile; fileRef = 3260365128A54D9D00569837 /* WebView.swift */; };
		3260365428A54DBA00569837 /* WebViewModel.swift in Sources */ = {isa = PBXBuildFile; fileRef = 3260365328A54DBA00569837 /* WebViewModel.swift */; };
		3275C78A28BC876500F7A902 /* SplashView.swift in Sources */ = {isa = PBXBuildFile; fileRef = 3275C78928BC876500F7A902 /* SplashView.swift */; };
		3FD8505AEAD4BE7E6A112067 /* Pods_ios_webviewTests.framework in Frameworks */ = {isa = PBXBuildFile; fileRef = DFF601A62A1606AF3B6C4153 /* Pods_ios_webviewTests.framework */; };
		F0AAC86B188E86BC2928C99A /* Pods_ios_webview.framework in Frameworks */ = {isa = PBXBuildFile; fileRef = 73D3F26AA0A7D498191B0FA0 /* Pods_ios_webview.framework */; };
/* End PBXBuildFile section */

/* Begin PBXContainerItemProxy section */
		3260363328A549D000569837 /* PBXContainerItemProxy */ = {
			isa = PBXContainerItemProxy;
			containerPortal = 3260361A28A549CF00569837 /* Project object */;
			proxyType = 1;
			remoteGlobalIDString = 3260362128A549CF00569837;
			remoteInfo = "ios-webview";
		};
		3260363D28A549D000569837 /* PBXContainerItemProxy */ = {
			isa = PBXContainerItemProxy;
			containerPortal = 3260361A28A549CF00569837 /* Project object */;
			proxyType = 1;
			remoteGlobalIDString = 3260362128A549CF00569837;
			remoteInfo = "ios-webview";
		};
/* End PBXContainerItemProxy section */

/* Begin PBXFileReference section */
		04BA92146D1006D857593C93 /* Pods-ios-webview.release.xcconfig */ = {isa = PBXFileReference; includeInIndex = 1; lastKnownFileType = text.xcconfig; name = "Pods-ios-webview.release.xcconfig"; path = "Target Support Files/Pods-ios-webview/Pods-ios-webview.release.xcconfig"; sourceTree = "<group>"; };
		3231866B28A72D6A00229B31 /* AlertViewModel.swift */ = {isa = PBXFileReference; lastKnownFileType = sourcecode.swift; path = AlertViewModel.swift; sourceTree = "<group>"; };
		3260362228A549CF00569837 /* ios-webview.app */ = {isa = PBXFileReference; explicitFileType = wrapper.application; includeInIndex = 0; path = "ios-webview.app"; sourceTree = BUILT_PRODUCTS_DIR; };
		3260362528A549CF00569837 /* WebviewApp.swift */ = {isa = PBXFileReference; lastKnownFileType = sourcecode.swift; path = WebviewApp.swift; sourceTree = "<group>"; };
		3260362728A549CF00569837 /* ContentView.swift */ = {isa = PBXFileReference; lastKnownFileType = sourcecode.swift; path = ContentView.swift; sourceTree = "<group>"; };
		3260362928A549D000569837 /* Assets.xcassets */ = {isa = PBXFileReference; lastKnownFileType = folder.assetcatalog; path = Assets.xcassets; sourceTree = "<group>"; };
		3260362C28A549D000569837 /* Preview Assets.xcassets */ = {isa = PBXFileReference; lastKnownFileType = folder.assetcatalog; path = "Preview Assets.xcassets"; sourceTree = "<group>"; };
		3260363228A549D000569837 /* ios-webviewTests.xctest */ = {isa = PBXFileReference; explicitFileType = wrapper.cfbundle; includeInIndex = 0; path = "ios-webviewTests.xctest"; sourceTree = BUILT_PRODUCTS_DIR; };
		3260363628A549D000569837 /* ios_webviewTests.swift */ = {isa = PBXFileReference; lastKnownFileType = sourcecode.swift; path = ios_webviewTests.swift; sourceTree = "<group>"; };
		3260363C28A549D000569837 /* ios-webviewUITests.xctest */ = {isa = PBXFileReference; explicitFileType = wrapper.cfbundle; includeInIndex = 0; path = "ios-webviewUITests.xctest"; sourceTree = BUILT_PRODUCTS_DIR; };
		3260364028A549D000569837 /* ios_webviewUITests.swift */ = {isa = PBXFileReference; lastKnownFileType = sourcecode.swift; path = ios_webviewUITests.swift; sourceTree = "<group>"; };
		3260364228A549D000569837 /* ios_webviewUITestsLaunchTests.swift */ = {isa = PBXFileReference; lastKnownFileType = sourcecode.swift; path = ios_webviewUITestsLaunchTests.swift; sourceTree = "<group>"; };
		3260364F28A54C0C00569837 /* AppDelegate.swift */ = {isa = PBXFileReference; lastKnownFileType = sourcecode.swift; path = AppDelegate.swift; sourceTree = "<group>"; };
		3260365128A54D9D00569837 /* WebView.swift */ = {isa = PBXFileReference; lastKnownFileType = sourcecode.swift; path = WebView.swift; sourceTree = "<group>"; };
		3260365328A54DBA00569837 /* WebViewModel.swift */ = {isa = PBXFileReference; lastKnownFileType = sourcecode.swift; path = WebViewModel.swift; sourceTree = "<group>"; };
		3260365828A552E700569837 /* Info.plist */ = {isa = PBXFileReference; lastKnownFileType = text.plist; path = Info.plist; sourceTree = "<group>"; };
		3275C78928BC876500F7A902 /* SplashView.swift */ = {isa = PBXFileReference; lastKnownFileType = sourcecode.swift; path = SplashView.swift; sourceTree = "<group>"; };
		49A410B50F553C5BF974D6DF /* Pods-ios-webviewTests.debug.xcconfig */ = {isa = PBXFileReference; includeInIndex = 1; lastKnownFileType = text.xcconfig; name = "Pods-ios-webviewTests.debug.xcconfig"; path = "Target Support Files/Pods-ios-webviewTests/Pods-ios-webviewTests.debug.xcconfig"; sourceTree = "<group>"; };
		549C7509996BABBB80CA87C8 /* Pods_ios_webview_ios_webviewUITests.framework */ = {isa = PBXFileReference; explicitFileType = wrapper.framework; includeInIndex = 0; path = Pods_ios_webview_ios_webviewUITests.framework; sourceTree = BUILT_PRODUCTS_DIR; };
		73D3F26AA0A7D498191B0FA0 /* Pods_ios_webview.framework */ = {isa = PBXFileReference; explicitFileType = wrapper.framework; includeInIndex = 0; path = Pods_ios_webview.framework; sourceTree = BUILT_PRODUCTS_DIR; };
		7ACC97B427020D601D28DEA0 /* Pods-ios-webviewTests.release.xcconfig */ = {isa = PBXFileReference; includeInIndex = 1; lastKnownFileType = text.xcconfig; name = "Pods-ios-webviewTests.release.xcconfig"; path = "Target Support Files/Pods-ios-webviewTests/Pods-ios-webviewTests.release.xcconfig"; sourceTree = "<group>"; };
		8560FF8F2FB835CEAF4DE3EE /* Pods-ios-webview.debug.xcconfig */ = {isa = PBXFileReference; includeInIndex = 1; lastKnownFileType = text.xcconfig; name = "Pods-ios-webview.debug.xcconfig"; path = "Target Support Files/Pods-ios-webview/Pods-ios-webview.debug.xcconfig"; sourceTree = "<group>"; };
		94091B7AB9F068D5539FAB16 /* Pods-ios-webview-ios-webviewUITests.debug.xcconfig */ = {isa = PBXFileReference; includeInIndex = 1; lastKnownFileType = text.xcconfig; name = "Pods-ios-webview-ios-webviewUITests.debug.xcconfig"; path = "Target Support Files/Pods-ios-webview-ios-webviewUITests/Pods-ios-webview-ios-webviewUITests.debug.xcconfig"; sourceTree = "<group>"; };
		DFF601A62A1606AF3B6C4153 /* Pods_ios_webviewTests.framework */ = {isa = PBXFileReference; explicitFileType = wrapper.framework; includeInIndex = 0; path = Pods_ios_webviewTests.framework; sourceTree = BUILT_PRODUCTS_DIR; };
		F32F8357BCC6ED3E64919EC5 /* Pods-ios-webview-ios-webviewUITests.release.xcconfig */ = {isa = PBXFileReference; includeInIndex = 1; lastKnownFileType = text.xcconfig; name = "Pods-ios-webview-ios-webviewUITests.release.xcconfig"; path = "Target Support Files/Pods-ios-webview-ios-webviewUITests/Pods-ios-webview-ios-webviewUITests.release.xcconfig"; sourceTree = "<group>"; };
/* End PBXFileReference section */

/* Begin PBXFrameworksBuildPhase section */
		3260361F28A549CF00569837 /* Frameworks */ = {
			isa = PBXFrameworksBuildPhase;
			buildActionMask = 2147483647;
			files = (
				F0AAC86B188E86BC2928C99A /* Pods_ios_webview.framework in Frameworks */,
			);
			runOnlyForDeploymentPostprocessing = 0;
		};
		3260362F28A549D000569837 /* Frameworks */ = {
			isa = PBXFrameworksBuildPhase;
			buildActionMask = 2147483647;
			files = (
				3FD8505AEAD4BE7E6A112067 /* Pods_ios_webviewTests.framework in Frameworks */,
			);
			runOnlyForDeploymentPostprocessing = 0;
		};
		3260363928A549D000569837 /* Frameworks */ = {
			isa = PBXFrameworksBuildPhase;
			buildActionMask = 2147483647;
			files = (
				0C9C33E99F125AF3A45E50A5 /* Pods_ios_webview_ios_webviewUITests.framework in Frameworks */,
			);
			runOnlyForDeploymentPostprocessing = 0;
		};
/* End PBXFrameworksBuildPhase section */

/* Begin PBXGroup section */
		3260361928A549CF00569837 = {
			isa = PBXGroup;
			children = (
				3260362428A549CF00569837 /* ios-webview */,
				3260363528A549D000569837 /* ios-webviewTests */,
				3260363F28A549D000569837 /* ios-webviewUITests */,
				3260362328A549CF00569837 /* Products */,
				519FA18C577C5276E7FDB7B5 /* Pods */,
				6260404BAAF2F55205D460B5 /* Frameworks */,
			);
			sourceTree = "<group>";
		};
		3260362328A549CF00569837 /* Products */ = {
			isa = PBXGroup;
			children = (
				3260362228A549CF00569837 /* ios-webview.app */,
				3260363228A549D000569837 /* ios-webviewTests.xctest */,
				3260363C28A549D000569837 /* ios-webviewUITests.xctest */,
			);
			name = Products;
			sourceTree = "<group>";
		};
		3260362428A549CF00569837 /* ios-webview */ = {
			isa = PBXGroup;
			children = (
				3260365828A552E700569837 /* Info.plist */,
				3260365728A54ED400569837 /* ui */,
				3260365628A54DDD00569837 /* model */,
				3260365528A54DD600569837 /* view */,
				3260362528A549CF00569837 /* WebviewApp.swift */,
				3260364F28A54C0C00569837 /* AppDelegate.swift */,
				3260362928A549D000569837 /* Assets.xcassets */,
				3260362B28A549D000569837 /* Preview Content */,
			);
			path = "ios-webview";
			sourceTree = "<group>";
		};
		3260362B28A549D000569837 /* Preview Content */ = {
			isa = PBXGroup;
			children = (
				3260362C28A549D000569837 /* Preview Assets.xcassets */,
			);
			path = "Preview Content";
			sourceTree = "<group>";
		};
		3260363528A549D000569837 /* ios-webviewTests */ = {
			isa = PBXGroup;
			children = (
				3260363628A549D000569837 /* ios_webviewTests.swift */,
			);
			path = "ios-webviewTests";
			sourceTree = "<group>";
		};
		3260363F28A549D000569837 /* ios-webviewUITests */ = {
			isa = PBXGroup;
			children = (
				3260364028A549D000569837 /* ios_webviewUITests.swift */,
				3260364228A549D000569837 /* ios_webviewUITestsLaunchTests.swift */,
			);
			path = "ios-webviewUITests";
			sourceTree = "<group>";
		};
		3260365528A54DD600569837 /* view */ = {
			isa = PBXGroup;
			children = (
				3260365128A54D9D00569837 /* WebView.swift */,
			);
			path = view;
			sourceTree = "<group>";
		};
		3260365628A54DDD00569837 /* model */ = {
			isa = PBXGroup;
			children = (
				3260365328A54DBA00569837 /* WebViewModel.swift */,
				3231866B28A72D6A00229B31 /* AlertViewModel.swift */,
			);
			path = model;
			sourceTree = "<group>";
		};
		3260365728A54ED400569837 /* ui */ = {
			isa = PBXGroup;
			children = (
				3260362728A549CF00569837 /* ContentView.swift */,
				3275C78928BC876500F7A902 /* SplashView.swift */,
			);
			path = ui;
			sourceTree = "<group>";
		};
		519FA18C577C5276E7FDB7B5 /* Pods */ = {
			isa = PBXGroup;
			children = (
				8560FF8F2FB835CEAF4DE3EE /* Pods-ios-webview.debug.xcconfig */,
				04BA92146D1006D857593C93 /* Pods-ios-webview.release.xcconfig */,
				94091B7AB9F068D5539FAB16 /* Pods-ios-webview-ios-webviewUITests.debug.xcconfig */,
				F32F8357BCC6ED3E64919EC5 /* Pods-ios-webview-ios-webviewUITests.release.xcconfig */,
				49A410B50F553C5BF974D6DF /* Pods-ios-webviewTests.debug.xcconfig */,
				7ACC97B427020D601D28DEA0 /* Pods-ios-webviewTests.release.xcconfig */,
			);
			path = Pods;
			sourceTree = "<group>";
		};
		6260404BAAF2F55205D460B5 /* Frameworks */ = {
			isa = PBXGroup;
			children = (
				73D3F26AA0A7D498191B0FA0 /* Pods_ios_webview.framework */,
				549C7509996BABBB80CA87C8 /* Pods_ios_webview_ios_webviewUITests.framework */,
				DFF601A62A1606AF3B6C4153 /* Pods_ios_webviewTests.framework */,
			);
			name = Frameworks;
			sourceTree = "<group>";
		};
/* End PBXGroup section */

/* Begin PBXNativeTarget section */
		3260362128A549CF00569837 /* ios-webview */ = {
			isa = PBXNativeTarget;
			buildConfigurationList = 3260364628A549D000569837 /* Build configuration list for PBXNativeTarget "ios-webview" */;
			buildPhases = (
				9E00F13C26260194EA0512F6 /* [CP] Check Pods Manifest.lock */,
				3260361E28A549CF00569837 /* Sources */,
				3260361F28A549CF00569837 /* Frameworks */,
				3260362028A549CF00569837 /* Resources */,
			);
			buildRules = (
			);
			dependencies = (
			);
			name = "ios-webview";
			productName = "ios-webview";
			productReference = 3260362228A549CF00569837 /* ios-webview.app */;
			productType = "com.apple.product-type.application";
		};
		3260363128A549D000569837 /* ios-webviewTests */ = {
			isa = PBXNativeTarget;
			buildConfigurationList = 3260364928A549D000569837 /* Build configuration list for PBXNativeTarget "ios-webviewTests" */;
			buildPhases = (
				05A001F9F81CE947EC0C537A /* [CP] Check Pods Manifest.lock */,
				3260362E28A549D000569837 /* Sources */,
				3260362F28A549D000569837 /* Frameworks */,
				3260363028A549D000569837 /* Resources */,
			);
			buildRules = (
			);
			dependencies = (
				3260363428A549D000569837 /* PBXTargetDependency */,
			);
			name = "ios-webviewTests";
			productName = "ios-webviewTests";
			productReference = 3260363228A549D000569837 /* ios-webviewTests.xctest */;
			productType = "com.apple.product-type.bundle.unit-test";
		};
		3260363B28A549D000569837 /* ios-webviewUITests */ = {
			isa = PBXNativeTarget;
			buildConfigurationList = 3260364C28A549D000569837 /* Build configuration list for PBXNativeTarget "ios-webviewUITests" */;
			buildPhases = (
				38D7CE1826CFFD352F52315E /* [CP] Check Pods Manifest.lock */,
				3260363828A549D000569837 /* Sources */,
				3260363928A549D000569837 /* Frameworks */,
				3260363A28A549D000569837 /* Resources */,
			);
			buildRules = (
			);
			dependencies = (
				3260363E28A549D000569837 /* PBXTargetDependency */,
			);
			name = "ios-webviewUITests";
			productName = "ios-webviewUITests";
			productReference = 3260363C28A549D000569837 /* ios-webviewUITests.xctest */;
			productType = "com.apple.product-type.bundle.ui-testing";
		};
/* End PBXNativeTarget section */

/* Begin PBXProject section */
		3260361A28A549CF00569837 /* Project object */ = {
			isa = PBXProject;
			attributes = {
				BuildIndependentTargetsInParallel = 1;
				LastSwiftUpdateCheck = 1340;
				LastUpgradeCheck = 1340;
				TargetAttributes = {
					3260362128A549CF00569837 = {
						CreatedOnToolsVersion = 13.4.1;
					};
					3260363128A549D000569837 = {
						CreatedOnToolsVersion = 13.4.1;
						TestTargetID = 3260362128A549CF00569837;
					};
					3260363B28A549D000569837 = {
						CreatedOnToolsVersion = 13.4.1;
						TestTargetID = 3260362128A549CF00569837;
					};
				};
			};
			buildConfigurationList = 3260361D28A549CF00569837 /* Build configuration list for PBXProject "ios-webview" */;
			compatibilityVersion = "Xcode 13.0";
			developmentRegion = en;
			hasScannedForEncodings = 0;
			knownRegions = (
				en,
				Base,
			);
			mainGroup = 3260361928A549CF00569837;
			productRefGroup = 3260362328A549CF00569837 /* Products */;
			projectDirPath = "";
			projectRoot = "";
			targets = (
				3260362128A549CF00569837 /* ios-webview */,
				3260363128A549D000569837 /* ios-webviewTests */,
				3260363B28A549D000569837 /* ios-webviewUITests */,
			);
		};
/* End PBXProject section */

/* Begin PBXResourcesBuildPhase section */
		3260362028A549CF00569837 /* Resources */ = {
			isa = PBXResourcesBuildPhase;
			buildActionMask = 2147483647;
			files = (
				3260362D28A549D000569837 /* Preview Assets.xcassets in Resources */,
				3260362A28A549D000569837 /* Assets.xcassets in Resources */,
			);
			runOnlyForDeploymentPostprocessing = 0;
		};
		3260363028A549D000569837 /* Resources */ = {
			isa = PBXResourcesBuildPhase;
			buildActionMask = 2147483647;
			files = (
			);
			runOnlyForDeploymentPostprocessing = 0;
		};
		3260363A28A549D000569837 /* Resources */ = {
			isa = PBXResourcesBuildPhase;
			buildActionMask = 2147483647;
			files = (
			);
			runOnlyForDeploymentPostprocessing = 0;
		};
/* End PBXResourcesBuildPhase section */

/* Begin PBXShellScriptBuildPhase section */
		05A001F9F81CE947EC0C537A /* [CP] Check Pods Manifest.lock */ = {
			isa = PBXShellScriptBuildPhase;
			buildActionMask = 2147483647;
			files = (
			);
			inputFileListPaths = (
			);
			inputPaths = (
				"${PODS_PODFILE_DIR_PATH}/Podfile.lock",
				"${PODS_ROOT}/Manifest.lock",
			);
			name = "[CP] Check Pods Manifest.lock";
			outputFileListPaths = (
			);
			outputPaths = (
				"$(DERIVED_FILE_DIR)/Pods-ios-webviewTests-checkManifestLockResult.txt",
			);
			runOnlyForDeploymentPostprocessing = 0;
			shellPath = /bin/sh;
			shellScript = "diff \"${PODS_PODFILE_DIR_PATH}/Podfile.lock\" \"${PODS_ROOT}/Manifest.lock\" > /dev/null\nif [ $? != 0 ] ; then\n    # print error to STDERR\n    echo \"error: The sandbox is not in sync with the Podfile.lock. Run 'pod install' or update your CocoaPods installation.\" >&2\n    exit 1\nfi\n# This output is used by Xcode 'outputs' to avoid re-running this script phase.\necho \"SUCCESS\" > \"${SCRIPT_OUTPUT_FILE_0}\"\n";
			showEnvVarsInLog = 0;
		};
		38D7CE1826CFFD352F52315E /* [CP] Check Pods Manifest.lock */ = {
			isa = PBXShellScriptBuildPhase;
			buildActionMask = 2147483647;
			files = (
			);
			inputFileListPaths = (
			);
			inputPaths = (
				"${PODS_PODFILE_DIR_PATH}/Podfile.lock",
				"${PODS_ROOT}/Manifest.lock",
			);
			name = "[CP] Check Pods Manifest.lock";
			outputFileListPaths = (
			);
			outputPaths = (
				"$(DERIVED_FILE_DIR)/Pods-ios-webview-ios-webviewUITests-checkManifestLockResult.txt",
			);
			runOnlyForDeploymentPostprocessing = 0;
			shellPath = /bin/sh;
			shellScript = "diff \"${PODS_PODFILE_DIR_PATH}/Podfile.lock\" \"${PODS_ROOT}/Manifest.lock\" > /dev/null\nif [ $? != 0 ] ; then\n    # print error to STDERR\n    echo \"error: The sandbox is not in sync with the Podfile.lock. Run 'pod install' or update your CocoaPods installation.\" >&2\n    exit 1\nfi\n# This output is used by Xcode 'outputs' to avoid re-running this script phase.\necho \"SUCCESS\" > \"${SCRIPT_OUTPUT_FILE_0}\"\n";
			showEnvVarsInLog = 0;
		};
		9E00F13C26260194EA0512F6 /* [CP] Check Pods Manifest.lock */ = {
			isa = PBXShellScriptBuildPhase;
			buildActionMask = 2147483647;
			files = (
			);
			inputFileListPaths = (
			);
			inputPaths = (
				"${PODS_PODFILE_DIR_PATH}/Podfile.lock",
				"${PODS_ROOT}/Manifest.lock",
			);
			name = "[CP] Check Pods Manifest.lock";
			outputFileListPaths = (
			);
			outputPaths = (
				"$(DERIVED_FILE_DIR)/Pods-ios-webview-checkManifestLockResult.txt",
			);
			runOnlyForDeploymentPostprocessing = 0;
			shellPath = /bin/sh;
			shellScript = "diff \"${PODS_PODFILE_DIR_PATH}/Podfile.lock\" \"${PODS_ROOT}/Manifest.lock\" > /dev/null\nif [ $? != 0 ] ; then\n    # print error to STDERR\n    echo \"error: The sandbox is not in sync with the Podfile.lock. Run 'pod install' or update your CocoaPods installation.\" >&2\n    exit 1\nfi\n# This output is used by Xcode 'outputs' to avoid re-running this script phase.\necho \"SUCCESS\" > \"${SCRIPT_OUTPUT_FILE_0}\"\n";
			showEnvVarsInLog = 0;
		};
/* End PBXShellScriptBuildPhase section */

/* Begin PBXSourcesBuildPhase section */
		3260361E28A549CF00569837 /* Sources */ = {
			isa = PBXSourcesBuildPhase;
			buildActionMask = 2147483647;
			files = (
				3260365028A54C0C00569837 /* AppDelegate.swift in Sources */,
				3260365228A54D9D00569837 /* WebView.swift in Sources */,
				3260362828A549CF00569837 /* ContentView.swift in Sources */,
				3231866C28A72D6A00229B31 /* AlertViewModel.swift in Sources */,
				3260365428A54DBA00569837 /* WebViewModel.swift in Sources */,
				3260362628A549CF00569837 /* WebviewApp.swift in Sources */,
				3275C78A28BC876500F7A902 /* SplashView.swift in Sources */,
			);
			runOnlyForDeploymentPostprocessing = 0;
		};
		3260362E28A549D000569837 /* Sources */ = {
			isa = PBXSourcesBuildPhase;
			buildActionMask = 2147483647;
			files = (
				3260363728A549D000569837 /* ios_webviewTests.swift in Sources */,
			);
			runOnlyForDeploymentPostprocessing = 0;
		};
		3260363828A549D000569837 /* Sources */ = {
			isa = PBXSourcesBuildPhase;
			buildActionMask = 2147483647;
			files = (
				3260364328A549D000569837 /* ios_webviewUITestsLaunchTests.swift in Sources */,
				3260364128A549D000569837 /* ios_webviewUITests.swift in Sources */,
			);
			runOnlyForDeploymentPostprocessing = 0;
		};
/* End PBXSourcesBuildPhase section */

/* Begin PBXTargetDependency section */
		3260363428A549D000569837 /* PBXTargetDependency */ = {
			isa = PBXTargetDependency;
			target = 3260362128A549CF00569837 /* ios-webview */;
			targetProxy = 3260363328A549D000569837 /* PBXContainerItemProxy */;
		};
		3260363E28A549D000569837 /* PBXTargetDependency */ = {
			isa = PBXTargetDependency;
			target = 3260362128A549CF00569837 /* ios-webview */;
			targetProxy = 3260363D28A549D000569837 /* PBXContainerItemProxy */;
		};
/* End PBXTargetDependency section */

/* Begin XCBuildConfiguration section */
		3260364428A549D000569837 /* Debug */ = {
			isa = XCBuildConfiguration;
			buildSettings = {
				ALWAYS_SEARCH_USER_PATHS = NO;
				CLANG_ANALYZER_NONNULL = YES;
				CLANG_ANALYZER_NUMBER_OBJECT_CONVERSION = YES_AGGRESSIVE;
				CLANG_CXX_LANGUAGE_STANDARD = "gnu++17";
				CLANG_ENABLE_MODULES = YES;
				CLANG_ENABLE_OBJC_ARC = YES;
				CLANG_ENABLE_OBJC_WEAK = YES;
				CLANG_WARN_BLOCK_CAPTURE_AUTORELEASING = YES;
				CLANG_WARN_BOOL_CONVERSION = YES;
				CLANG_WARN_COMMA = YES;
				CLANG_WARN_CONSTANT_CONVERSION = YES;
				CLANG_WARN_DEPRECATED_OBJC_IMPLEMENTATIONS = YES;
				CLANG_WARN_DIRECT_OBJC_ISA_USAGE = YES_ERROR;
				CLANG_WARN_DOCUMENTATION_COMMENTS = YES;
				CLANG_WARN_EMPTY_BODY = YES;
				CLANG_WARN_ENUM_CONVERSION = YES;
				CLANG_WARN_INFINITE_RECURSION = YES;
				CLANG_WARN_INT_CONVERSION = YES;
				CLANG_WARN_NON_LITERAL_NULL_CONVERSION = YES;
				CLANG_WARN_OBJC_IMPLICIT_RETAIN_SELF = YES;
				CLANG_WARN_OBJC_LITERAL_CONVERSION = YES;
				CLANG_WARN_OBJC_ROOT_CLASS = YES_ERROR;
				CLANG_WARN_QUOTED_INCLUDE_IN_FRAMEWORK_HEADER = YES;
				CLANG_WARN_RANGE_LOOP_ANALYSIS = YES;
				CLANG_WARN_STRICT_PROTOTYPES = YES;
				CLANG_WARN_SUSPICIOUS_MOVE = YES;
				CLANG_WARN_UNGUARDED_AVAILABILITY = YES_AGGRESSIVE;
				CLANG_WARN_UNREACHABLE_CODE = YES;
				CLANG_WARN__DUPLICATE_METHOD_MATCH = YES;
				COPY_PHASE_STRIP = NO;
				DEBUG_INFORMATION_FORMAT = dwarf;
				ENABLE_STRICT_OBJC_MSGSEND = YES;
				ENABLE_TESTABILITY = YES;
				GCC_C_LANGUAGE_STANDARD = gnu11;
				GCC_DYNAMIC_NO_PIC = NO;
				GCC_NO_COMMON_BLOCKS = YES;
				GCC_OPTIMIZATION_LEVEL = 0;
				GCC_PREPROCESSOR_DEFINITIONS = (
					"DEBUG=1",
					"$(inherited)",
				);
				GCC_WARN_64_TO_32_BIT_CONVERSION = YES;
				GCC_WARN_ABOUT_RETURN_TYPE = YES_ERROR;
				GCC_WARN_UNDECLARED_SELECTOR = YES;
				GCC_WARN_UNINITIALIZED_AUTOS = YES_AGGRESSIVE;
				GCC_WARN_UNUSED_FUNCTION = YES;
				GCC_WARN_UNUSED_VARIABLE = YES;
				IPHONEOS_DEPLOYMENT_TARGET = 15.0;
				MTL_ENABLE_DEBUG_INFO = INCLUDE_SOURCE;
				MTL_FAST_MATH = YES;
				ONLY_ACTIVE_ARCH = YES;
				SDKROOT = iphoneos;
				SWIFT_ACTIVE_COMPILATION_CONDITIONS = DEBUG;
				SWIFT_OPTIMIZATION_LEVEL = "-Onone";
			};
			name = Debug;
		};
		3260364528A549D000569837 /* Release */ = {
			isa = XCBuildConfiguration;
			buildSettings = {
				ALWAYS_SEARCH_USER_PATHS = NO;
				CLANG_ANALYZER_NONNULL = YES;
				CLANG_ANALYZER_NUMBER_OBJECT_CONVERSION = YES_AGGRESSIVE;
				CLANG_CXX_LANGUAGE_STANDARD = "gnu++17";
				CLANG_ENABLE_MODULES = YES;
				CLANG_ENABLE_OBJC_ARC = YES;
				CLANG_ENABLE_OBJC_WEAK = YES;
				CLANG_WARN_BLOCK_CAPTURE_AUTORELEASING = YES;
				CLANG_WARN_BOOL_CONVERSION = YES;
				CLANG_WARN_COMMA = YES;
				CLANG_WARN_CONSTANT_CONVERSION = YES;
				CLANG_WARN_DEPRECATED_OBJC_IMPLEMENTATIONS = YES;
				CLANG_WARN_DIRECT_OBJC_ISA_USAGE = YES_ERROR;
				CLANG_WARN_DOCUMENTATION_COMMENTS = YES;
				CLANG_WARN_EMPTY_BODY = YES;
				CLANG_WARN_ENUM_CONVERSION = YES;
				CLANG_WARN_INFINITE_RECURSION = YES;
				CLANG_WARN_INT_CONVERSION = YES;
				CLANG_WARN_NON_LITERAL_NULL_CONVERSION = YES;
				CLANG_WARN_OBJC_IMPLICIT_RETAIN_SELF = YES;
				CLANG_WARN_OBJC_LITERAL_CONVERSION = YES;
				CLANG_WARN_OBJC_ROOT_CLASS = YES_ERROR;
				CLANG_WARN_QUOTED_INCLUDE_IN_FRAMEWORK_HEADER = YES;
				CLANG_WARN_RANGE_LOOP_ANALYSIS = YES;
				CLANG_WARN_STRICT_PROTOTYPES = YES;
				CLANG_WARN_SUSPICIOUS_MOVE = YES;
				CLANG_WARN_UNGUARDED_AVAILABILITY = YES_AGGRESSIVE;
				CLANG_WARN_UNREACHABLE_CODE = YES;
				CLANG_WARN__DUPLICATE_METHOD_MATCH = YES;
				COPY_PHASE_STRIP = NO;
				DEBUG_INFORMATION_FORMAT = "dwarf-with-dsym";
				ENABLE_NS_ASSERTIONS = NO;
				ENABLE_STRICT_OBJC_MSGSEND = YES;
				GCC_C_LANGUAGE_STANDARD = gnu11;
				GCC_NO_COMMON_BLOCKS = YES;
				GCC_WARN_64_TO_32_BIT_CONVERSION = YES;
				GCC_WARN_ABOUT_RETURN_TYPE = YES_ERROR;
				GCC_WARN_UNDECLARED_SELECTOR = YES;
				GCC_WARN_UNINITIALIZED_AUTOS = YES_AGGRESSIVE;
				GCC_WARN_UNUSED_FUNCTION = YES;
				GCC_WARN_UNUSED_VARIABLE = YES;
				IPHONEOS_DEPLOYMENT_TARGET = 15.0;
				MTL_ENABLE_DEBUG_INFO = NO;
				MTL_FAST_MATH = YES;
				SDKROOT = iphoneos;
				SWIFT_COMPILATION_MODE = wholemodule;
				SWIFT_OPTIMIZATION_LEVEL = "-O";
				VALIDATE_PRODUCT = YES;
			};
			name = Release;
		};
		3260364728A549D000569837 /* Debug */ = {
			isa = XCBuildConfiguration;
			baseConfigurationReference = 8560FF8F2FB835CEAF4DE3EE /* Pods-ios-webview.debug.xcconfig */;
			buildSettings = {
				ASSETCATALOG_COMPILER_APPICON_NAME = AppIcon;
				ASSETCATALOG_COMPILER_GLOBAL_ACCENT_COLOR_NAME = AccentColor;
				CODE_SIGN_IDENTITY = "Apple Development";
				CODE_SIGN_STYLE = Automatic;
				CURRENT_PROJECT_VERSION = 1;
				DEVELOPMENT_ASSET_PATHS = "\"ios-webview/Preview Content\"";
				DEVELOPMENT_TEAM = 6Y87SV5XYV;
				ENABLE_PREVIEWS = YES;
				GENERATE_INFOPLIST_FILE = YES;
				HOST_URL = "http://localhost:3005";
				INFOPLIST_FILE = "ios-webview/Info.plist";
				INFOPLIST_KEY_UIApplicationSceneManifest_Generation = YES;
				INFOPLIST_KEY_UIApplicationSupportsIndirectInputEvents = YES;
				INFOPLIST_KEY_UILaunchScreen_Generation = YES;
				INFOPLIST_KEY_UISupportedInterfaceOrientations_iPad = "UIInterfaceOrientationPortrait UIInterfaceOrientationPortraitUpsideDown UIInterfaceOrientationLandscapeLeft UIInterfaceOrientationLandscapeRight";
				INFOPLIST_KEY_UISupportedInterfaceOrientations_iPhone = "UIInterfaceOrientationPortrait UIInterfaceOrientationLandscapeLeft UIInterfaceOrientationLandscapeRight";
				LD_RUNPATH_SEARCH_PATHS = (
					"$(inherited)",
					"@executable_path/Frameworks",
				);
				MARKETING_VERSION = 1.0;
				PRODUCT_BUNDLE_IDENTIFIER = com.tioh.webview;
				PRODUCT_NAME = "$(TARGET_NAME)";
				PROVISIONING_PROFILE_SPECIFIER = "";
				SWIFT_EMIT_LOC_STRINGS = YES;
				SWIFT_VERSION = 5.0;
				TARGETED_DEVICE_FAMILY = 1;
			};
			name = Debug;
		};
		3260364828A549D000569837 /* Release */ = {
			isa = XCBuildConfiguration;
			baseConfigurationReference = 04BA92146D1006D857593C93 /* Pods-ios-webview.release.xcconfig */;
			buildSettings = {
				ASSETCATALOG_COMPILER_APPICON_NAME = AppIcon;
				ASSETCATALOG_COMPILER_GLOBAL_ACCENT_COLOR_NAME = AccentColor;
				CODE_SIGN_IDENTITY = "Apple Development";
				CODE_SIGN_STYLE = Automatic;
				CURRENT_PROJECT_VERSION = 1;
				DEVELOPMENT_ASSET_PATHS = "\"ios-webview/Preview Content\"";
				DEVELOPMENT_TEAM = 6Y87SV5XYV;
				ENABLE_PREVIEWS = YES;
				GENERATE_INFOPLIST_FILE = YES;
				HOST_URL = "https://github.com/ohtakin";
				INFOPLIST_FILE = "ios-webview/Info.plist";
				INFOPLIST_KEY_UIApplicationSceneManifest_Generation = YES;
				INFOPLIST_KEY_UIApplicationSupportsIndirectInputEvents = YES;
				INFOPLIST_KEY_UILaunchScreen_Generation = YES;
				INFOPLIST_KEY_UISupportedInterfaceOrientations_iPad = "UIInterfaceOrientationPortrait UIInterfaceOrientationPortraitUpsideDown UIInterfaceOrientationLandscapeLeft UIInterfaceOrientationLandscapeRight";
				INFOPLIST_KEY_UISupportedInterfaceOrientations_iPhone = "UIInterfaceOrientationPortrait UIInterfaceOrientationLandscapeLeft UIInterfaceOrientationLandscapeRight";
				LD_RUNPATH_SEARCH_PATHS = (
					"$(inherited)",
					"@executable_path/Frameworks",
				);
				MARKETING_VERSION = 1.0;
				PRODUCT_BUNDLE_IDENTIFIER = com.tioh.webview;
				PRODUCT_NAME = "$(TARGET_NAME)";
				PROVISIONING_PROFILE_SPECIFIER = "";
				SWIFT_EMIT_LOC_STRINGS = YES;
				SWIFT_VERSION = 5.0;
				TARGETED_DEVICE_FAMILY = 1;
			};
			name = Release;
		};
		3260364A28A549D000569837 /* Debug */ = {
			isa = XCBuildConfiguration;
			baseConfigurationReference = 49A410B50F553C5BF974D6DF /* Pods-ios-webviewTests.debug.xcconfig */;
			buildSettings = {
				ALWAYS_EMBED_SWIFT_STANDARD_LIBRARIES = YES;
				BUNDLE_LOADER = "$(TEST_HOST)";
				CODE_SIGN_STYLE = Automatic;
				CURRENT_PROJECT_VERSION = 1;
				GENERATE_INFOPLIST_FILE = YES;
				IPHONEOS_DEPLOYMENT_TARGET = 15.5;
				MARKETING_VERSION = 1.0;
				PRODUCT_BUNDLE_IDENTIFIER = "com.tioh.ios-webviewTests";
				PRODUCT_NAME = "$(TARGET_NAME)";
				SWIFT_EMIT_LOC_STRINGS = NO;
				SWIFT_VERSION = 5.0;
				TARGETED_DEVICE_FAMILY = "1,2";
				TEST_HOST = "$(BUILT_PRODUCTS_DIR)/ios-webview.app/ios-webview";
			};
			name = Debug;
		};
		3260364B28A549D000569837 /* Release */ = {
			isa = XCBuildConfiguration;
			baseConfigurationReference = 7ACC97B427020D601D28DEA0 /* Pods-ios-webviewTests.release.xcconfig */;
			buildSettings = {
				ALWAYS_EMBED_SWIFT_STANDARD_LIBRARIES = YES;
				BUNDLE_LOADER = "$(TEST_HOST)";
				CODE_SIGN_STYLE = Automatic;
				CURRENT_PROJECT_VERSION = 1;
				GENERATE_INFOPLIST_FILE = YES;
				IPHONEOS_DEPLOYMENT_TARGET = 15.5;
				MARKETING_VERSION = 1.0;
				PRODUCT_BUNDLE_IDENTIFIER = "com.tioh.ios-webviewTests";
				PRODUCT_NAME = "$(TARGET_NAME)";
				SWIFT_EMIT_LOC_STRINGS = NO;
				SWIFT_VERSION = 5.0;
				TARGETED_DEVICE_FAMILY = "1,2";
				TEST_HOST = "$(BUILT_PRODUCTS_DIR)/ios-webview.app/ios-webview";
			};
			name = Release;
		};
		3260364D28A549D000569837 /* Debug */ = {
			isa = XCBuildConfiguration;
			baseConfigurationReference = 94091B7AB9F068D5539FAB16 /* Pods-ios-webview-ios-webviewUITests.debug.xcconfig */;
			buildSettings = {
				ALWAYS_EMBED_SWIFT_STANDARD_LIBRARIES = YES;
				CODE_SIGN_STYLE = Automatic;
				CURRENT_PROJECT_VERSION = 1;
				GENERATE_INFOPLIST_FILE = YES;
				MARKETING_VERSION = 1.0;
				PRODUCT_BUNDLE_IDENTIFIER = "com.tioh.ios-webviewUITests";
				PRODUCT_NAME = "$(TARGET_NAME)";
				SWIFT_EMIT_LOC_STRINGS = NO;
				SWIFT_VERSION = 5.0;
				TARGETED_DEVICE_FAMILY = "1,2";
				TEST_TARGET_NAME = "ios-webview";
			};
			name = Debug;
		};
		3260364E28A549D000569837 /* Release */ = {
			isa = XCBuildConfiguration;
			baseConfigurationReference = F32F8357BCC6ED3E64919EC5 /* Pods-ios-webview-ios-webviewUITests.release.xcconfig */;
			buildSettings = {
				ALWAYS_EMBED_SWIFT_STANDARD_LIBRARIES = YES;
				CODE_SIGN_STYLE = Automatic;
				CURRENT_PROJECT_VERSION = 1;
				GENERATE_INFOPLIST_FILE = YES;
				MARKETING_VERSION = 1.0;
				PRODUCT_BUNDLE_IDENTIFIER = "com.tioh.ios-webviewUITests";
				PRODUCT_NAME = "$(TARGET_NAME)";
				SWIFT_EMIT_LOC_STRINGS = NO;
				SWIFT_VERSION = 5.0;
				TARGETED_DEVICE_FAMILY = "1,2";
				TEST_TARGET_NAME = "ios-webview";
			};
			name = Release;
		};
/* End XCBuildConfiguration section */

/* Begin XCConfigurationList section */
		3260361D28A549CF00569837 /* Build configuration list for PBXProject "ios-webview" */ = {
			isa = XCConfigurationList;
			buildConfigurations = (
				3260364428A549D000569837 /* Debug */,
				3260364528A549D000569837 /* Release */,
			);
			defaultConfigurationIsVisible = 0;
			defaultConfigurationName = Release;
		};
		3260364628A549D000569837 /* Build configuration list for PBXNativeTarget "ios-webview" */ = {
			isa = XCConfigurationList;
			buildConfigurations = (
				3260364728A549D000569837 /* Debug */,
				3260364828A549D000569837 /* Release */,
			);
			defaultConfigurationIsVisible = 0;
			defaultConfigurationName = Release;
		};
		3260364928A549D000569837 /* Build configuration list for PBXNativeTarget "ios-webviewTests" */ = {
			isa = XCConfigurationList;
			buildConfigurations = (
				3260364A28A549D000569837 /* Debug */,
				3260364B28A549D000569837 /* Release */,
			);
			defaultConfigurationIsVisible = 0;
			defaultConfigurationName = Release;
		};
		3260364C28A549D000569837 /* Build configuration list for PBXNativeTarget "ios-webviewUITests" */ = {
			isa = XCConfigurationList;
			buildConfigurations = (
				3260364D28A549D000569837 /* Debug */,
				3260364E28A549D000569837 /* Release */,
			);
			defaultConfigurationIsVisible = 0;
			defaultConfigurationName = Release;
		};
/* End XCConfigurationList section */
	};
	rootObject = 3260361A28A549CF00569837 /* Project object */;
}
